{
  "version": 4,
  "terraform_version": "1.6.0",
  "serial": 41,
  "lineage": "6e099952-674e-add7-833e-b0defe01ca42",
  "outputs": {},
  "resources": [
    {
      "module": "module.almalinux_vm",
      "mode": "managed",
      "type": "proxmox_vm_qemu",
      "name": "almalinux_vm",
      "provider": "provider[\"registry.opentofu.org/telmate/proxmox\"]",
      "instances": [
        {
          "schema_version": 0,
          "attributes": {
            "additional_wait": 5,
            "agent": 1,
            "args": "",
            "automatic_reboot": true,
            "balloon": 0,
            "bios": "seabios",
            "boot": "c",
            "bootdisk": "scsi0",
            "bridge": null,
            "ci_wait": null,
            "cicustom": "",
            "cipassword": "",
            "ciuser": "tk",
            "clone": "almalinux9.3-ci",
            "clone_wait": 10,
            "cloudinit_cdrom_storage": null,
            "cores": 1,
            "cpu": "host",
            "default_ipv4_address": "192.168.7.2",
            "define_connection_info": true,
            "desc": "AlmaLinux-Server",
            "disk": [
              {
                "aio": "",
                "backup": true,
                "cache": "none",
                "discard": "on",
                "file": "vm-100-disk-0",
                "format": "raw",
                "iops": 0,
                "iops_max": 0,
                "iops_max_length": 0,
                "iops_rd": 0,
                "iops_rd_max": 0,
                "iops_rd_max_length": 0,
                "iops_wr": 0,
                "iops_wr_max": 0,
                "iops_wr_max_length": 0,
                "iothread": 0,
                "mbps": 0,
                "mbps_rd": 0,
                "mbps_rd_max": 0,
                "mbps_wr": 0,
                "mbps_wr_max": 0,
                "media": "",
                "replicate": 0,
                "size": "20G",
                "slot": 0,
                "ssd": 1,
                "storage": "vm_disks",
                "storage_type": "rbd",
                "type": "scsi",
                "volume": "vm_disks:vm-100-disk-0"
              }
            ],
            "disk_gb": null,
            "force_create": false,
            "force_recreate_on_change_of": null,
            "full_clone": true,
            "guest_agent_ready_timeout": 100,
            "hagroup": "",
            "hastate": "",
            "hostpci": [],
            "hotplug": "network,disk,usb",
            "id": "pve01/qemu/100",
            "ipconfig0": "ip=192.168.7.2/24,gw=192.168.7.1",
            "ipconfig1": "",
            "ipconfig10": "",
            "ipconfig11": "",
            "ipconfig12": "",
            "ipconfig13": "",
            "ipconfig14": "",
            "ipconfig15": "",
            "ipconfig2": "",
            "ipconfig3": "",
            "ipconfig4": "",
            "ipconfig5": "",
            "ipconfig6": "",
            "ipconfig7": "",
            "ipconfig8": "",
            "ipconfig9": "",
            "iso": null,
            "kvm": true,
            "mac": null,
            "machine": "",
            "memory": 4096,
            "name": "dns01v",
            "nameserver": "192.168.6.2",
            "network": [
              {
                "bridge": "vmbr0",
                "firewall": false,
                "link_down": false,
                "macaddr": "CE:22:D2:3E:51:81",
                "model": "virtio",
                "mtu": 0,
                "queues": 0,
                "rate": 0,
                "tag": -1
              }
            ],
            "nic": null,
            "numa": false,
            "onboot": false,
            "oncreate": true,
            "os_network_config": null,
            "os_type": "cloud-init",
            "pool": "",
            "preprovision": true,
            "pxe": null,
            "qemu_os": "l26",
            "reboot_required": false,
            "scsihw": "virtio-scsi-pci",
            "searchdomain": "",
            "serial": [],
            "sockets": 1,
            "ssh_forward_ip": null,
            "ssh_host": "192.168.7.2",
            "ssh_port": "22",
            "ssh_private_key": null,
            "ssh_user": null,
            "sshkeys": "ssh-rsa AAAAB3NzaC1yc2EAAAADAQABAAABgQDRju8MB/kGJeA+XRj9JEEklMKWdt4+u/BDWVe7/kuEXCjHcIRbE7Nf4j2QNsH1Gmqcd4SjjAvkNTcKlvI2/CFed2SHr/7zLEe8tBUZzY3mhGoj9A9WtluJw3l+Qrh0q/sDuNefd2paewDFfuyVoQCjc9DQZu47fcFMNBJj8qcQEM96CyB6NwVtCvycrrqc/9h3zeG7Q5+pOKlQ2kHhSHO0UYMu76kjNjapU8RvsZvPRFmlCCSB2eXtV3VaiddguF5+HbNjul1PtVomzVQIa0eKg0JuPmiROoL+7rXjNYoZWPqQQXCgmuIWjZ1ghNONoBqNWZ7sCKatJjI27Teg2msF94Y+1/EAQZkOGc+ZxhVj3foIM1oATBMce1t0pXHR8aJ12G+R7CILFzshu32FOqD4RHjNB701wdbuAeMeqdqG+BqBWke1LzKPDHztGHtY8oJLFrOBRO3nwsLMDK+ZoZRDdDv8s3pK2Any+Ivpqiby1z4H5a9S0uvws0DBOwaiAQs=\n",
            "startup": "",
            "storage": null,
            "storage_type": null,
            "tablet": true,
            "tags": "",
            "target_node": "pve01",
            "timeouts": null,
            "unused_disk": [],
            "usb": [],
            "vcpus": 0,
            "vga": [
              {
                "memory": null,
                "type": "std"
              }
            ],
            "vlan": -1,
            "vmid": null
          },
          "sensitive_attributes": [],
          "private": "eyJlMmJmYjczMC1lY2FhLTExZTYtOGY4OC0zNDM2M2JjN2M0YzAiOnsiY3JlYXRlIjoxMjAwMDAwMDAwMDAwLCJkZWZhdWx0IjoxMjAwMDAwMDAwMDAwLCJkZWxldGUiOjEyMDAwMDAwMDAwMDAsInJlYWQiOjEyMDAwMDAwMDAwMDAsInVwZGF0ZSI6MTIwMDAwMDAwMDAwMH19"
        }
      ]
    }
  ],
  "check_results": null
}
