{
  "version": 4,
  "terraform_version": "1.6.0",
  "serial": 106,
  "lineage": "6e099952-674e-add7-833e-b0defe01ca42",
  "outputs": {},
  "resources": [
    {
      "module": "module.kube_master[0]",
      "mode": "managed",
      "type": "proxmox_vm_qemu",
      "name": "almalinux_vm",
      "provider": "provider[\"registry.opentofu.org/telmate/proxmox\"]",
      "instances": [
        {
          "schema_version": 0,
          "attributes": {
            "additional_wait": 5,
            "agent": 1,
            "args": "",
            "automatic_reboot": true,
            "balloon": 0,
            "bios": "seabios",
            "boot": "c",
            "bootdisk": "scsi0",
            "bridge": null,
            "ci_wait": null,
            "cicustom": "",
            "cipassword": "",
            "ciuser": "ansible",
            "clone": "almalinux9.3-ci",
            "clone_wait": 10,
            "cloudinit_cdrom_storage": null,
            "cores": 4,
            "cpu": "host",
            "default_ipv4_address": "192.168.7.10",
            "define_connection_info": true,
            "desc": "AlmaLinux-Server",
            "disk": [
              {
                "aio": "",
                "backup": true,
                "cache": "none",
                "discard": "on",
                "file": "vm-108-disk-0",
                "format": "raw",
                "iops": 0,
                "iops_max": 0,
                "iops_max_length": 0,
                "iops_rd": 0,
                "iops_rd_max": 0,
                "iops_rd_max_length": 0,
                "iops_wr": 0,
                "iops_wr_max": 0,
                "iops_wr_max_length": 0,
                "iothread": 0,
                "mbps": 0,
                "mbps_rd": 0,
                "mbps_rd_max": 0,
                "mbps_wr": 0,
                "mbps_wr_max": 0,
                "media": "",
                "replicate": 0,
                "size": "100G",
                "slot": 0,
                "ssd": 1,
                "storage": "vm_disks",
                "storage_type": "rbd",
                "type": "scsi",
                "volume": "vm_disks:vm-108-disk-0"
              }
            ],
            "disk_gb": null,
            "force_create": false,
            "force_recreate_on_change_of": null,
            "full_clone": true,
            "guest_agent_ready_timeout": 100,
            "hagroup": "",
            "hastate": "",
            "hostpci": [],
            "hotplug": "network,disk,usb",
            "id": "pve01/qemu/108",
            "ipconfig0": "ip=192.168.7.10/24,gw=192.168.7.1",
            "ipconfig1": "",
            "ipconfig10": "",
            "ipconfig11": "",
            "ipconfig12": "",
            "ipconfig13": "",
            "ipconfig14": "",
            "ipconfig15": "",
            "ipconfig2": "",
            "ipconfig3": "",
            "ipconfig4": "",
            "ipconfig5": "",
            "ipconfig6": "",
            "ipconfig7": "",
            "ipconfig8": "",
            "ipconfig9": "",
            "iso": null,
            "kvm": true,
            "mac": null,
            "machine": "",
            "memory": 8192,
            "name": "kube-master01v",
            "nameserver": "192.168.178.2",
            "network": [
              {
                "bridge": "vmbr0",
                "firewall": false,
                "link_down": false,
                "macaddr": "DA:DB:B7:6E:9D:29",
                "model": "virtio",
                "mtu": 0,
                "queues": 0,
                "rate": 0,
                "tag": -1
              }
            ],
            "nic": null,
            "numa": false,
            "onboot": false,
            "oncreate": true,
            "os_network_config": null,
            "os_type": "cloud-init",
            "pool": "",
            "preprovision": true,
            "pxe": null,
            "qemu_os": "l26",
            "reboot_required": false,
            "scsihw": "virtio-scsi-pci",
            "searchdomain": "",
            "serial": [],
            "sockets": 1,
            "ssh_forward_ip": null,
            "ssh_host": "192.168.7.10",
            "ssh_port": "22",
            "ssh_private_key": null,
            "ssh_user": null,
            "sshkeys": "ssh-rsa AAAAB3NzaC1yc2EAAAADAQABAAABgQCNHLe3/XOXcNKShXpHo2r5aeBBs/jr4GoNvdjkfrT1PhywYKZSA1l5Wu9KwvkYl0K80hjaCWXXTpIy7T9ggIpIEpxJmPz1NvWxXronYCf32VTRrnfLjIxKHg03mx9XFEn4lGa+H8Kpd2Uf4qQr47xOPFW8cuSLt06bSPl22J0wy7Y3ZemJkHweTY4tJnye06a+s6fcUb8UOkz5B5eySj8fnyR0uMfnVtjlJgT2QBUYvdmGpqfPZvvuMuiD0yIR5E4jp/ZUIcVm/3KQQxGZXUbBiK2deFnXSGZKVl+o9dPIrt6muho8IcN2s3H6WznY5GxJyu5QKVj4tqCpwU84EmTnfQZCOv6cQNSeMgwWjxmqT5VCuU2aXHyVgust7Ccg1IyDQh9XTUay1cw2ctWGbF4WeF59S6CRr/TQ7GTxWob275X2O+LZbzcqBBiu+8JkUzcNhd9Z1kYR+pt2NC2Bk7QBhc/209mFAu5rQH5MDuf5qHXFZ0MUGSX4qUyHcsgQUkc=\n\n",
            "startup": "",
            "storage": null,
            "storage_type": null,
            "tablet": true,
            "tags": "",
            "target_node": "pve01",
            "timeouts": null,
            "unused_disk": [],
            "usb": [],
            "vcpus": 0,
            "vga": [
              {
                "memory": 0,
                "type": "std"
              }
            ],
            "vlan": -1,
            "vmid": null
          },
          "sensitive_attributes": [],
          "private": "eyJlMmJmYjczMC1lY2FhLTExZTYtOGY4OC0zNDM2M2JjN2M0YzAiOnsiY3JlYXRlIjoxMjAwMDAwMDAwMDAwLCJkZWZhdWx0IjoxMjAwMDAwMDAwMDAwLCJkZWxldGUiOjEyMDAwMDAwMDAwMDAsInJlYWQiOjEyMDAwMDAwMDAwMDAsInVwZGF0ZSI6MTIwMDAwMDAwMDAwMH19"
        }
      ]
    },
    {
      "module": "module.kube_master[1]",
      "mode": "managed",
      "type": "proxmox_vm_qemu",
      "name": "almalinux_vm",
      "provider": "provider[\"registry.opentofu.org/telmate/proxmox\"]",
      "instances": [
        {
          "schema_version": 0,
          "attributes": {
            "additional_wait": 5,
            "agent": 1,
            "args": "",
            "automatic_reboot": true,
            "balloon": 0,
            "bios": "seabios",
            "boot": "c",
            "bootdisk": "scsi0",
            "bridge": null,
            "ci_wait": null,
            "cicustom": "",
            "cipassword": "",
            "ciuser": "ansible",
            "clone": "almalinux9.3-ci",
            "clone_wait": 10,
            "cloudinit_cdrom_storage": null,
            "cores": 4,
            "cpu": "host",
            "default_ipv4_address": "192.168.7.11",
            "define_connection_info": true,
            "desc": "AlmaLinux-Server",
            "disk": [
              {
                "aio": "",
                "backup": true,
                "cache": "none",
                "discard": "on",
                "file": "vm-105-disk-0",
                "format": "raw",
                "iops": 0,
                "iops_max": 0,
                "iops_max_length": 0,
                "iops_rd": 0,
                "iops_rd_max": 0,
                "iops_rd_max_length": 0,
                "iops_wr": 0,
                "iops_wr_max": 0,
                "iops_wr_max_length": 0,
                "iothread": 0,
                "mbps": 0,
                "mbps_rd": 0,
                "mbps_rd_max": 0,
                "mbps_wr": 0,
                "mbps_wr_max": 0,
                "media": "",
                "replicate": 0,
                "size": "100G",
                "slot": 0,
                "ssd": 1,
                "storage": "vm_disks",
                "storage_type": "rbd",
                "type": "scsi",
                "volume": "vm_disks:vm-105-disk-0"
              }
            ],
            "disk_gb": null,
            "force_create": false,
            "force_recreate_on_change_of": null,
            "full_clone": true,
            "guest_agent_ready_timeout": 100,
            "hagroup": "",
            "hastate": "",
            "hostpci": [],
            "hotplug": "network,disk,usb",
            "id": "pve02/qemu/105",
            "ipconfig0": "ip=192.168.7.11/24,gw=192.168.7.1",
            "ipconfig1": "",
            "ipconfig10": "",
            "ipconfig11": "",
            "ipconfig12": "",
            "ipconfig13": "",
            "ipconfig14": "",
            "ipconfig15": "",
            "ipconfig2": "",
            "ipconfig3": "",
            "ipconfig4": "",
            "ipconfig5": "",
            "ipconfig6": "",
            "ipconfig7": "",
            "ipconfig8": "",
            "ipconfig9": "",
            "iso": null,
            "kvm": true,
            "mac": null,
            "machine": "",
            "memory": 8192,
            "name": "kube-master02v",
            "nameserver": "192.168.178.2",
            "network": [
              {
                "bridge": "vmbr0",
                "firewall": false,
                "link_down": false,
                "macaddr": "D2:CE:06:B1:58:4B",
                "model": "virtio",
                "mtu": 0,
                "queues": 0,
                "rate": 0,
                "tag": -1
              }
            ],
            "nic": null,
            "numa": false,
            "onboot": false,
            "oncreate": true,
            "os_network_config": null,
            "os_type": "cloud-init",
            "pool": "",
            "preprovision": true,
            "pxe": null,
            "qemu_os": "l26",
            "reboot_required": false,
            "scsihw": "virtio-scsi-pci",
            "searchdomain": "",
            "serial": [],
            "sockets": 1,
            "ssh_forward_ip": null,
            "ssh_host": "192.168.7.11",
            "ssh_port": "22",
            "ssh_private_key": null,
            "ssh_user": null,
            "sshkeys": "ssh-rsa AAAAB3NzaC1yc2EAAAADAQABAAABgQCNHLe3/XOXcNKShXpHo2r5aeBBs/jr4GoNvdjkfrT1PhywYKZSA1l5Wu9KwvkYl0K80hjaCWXXTpIy7T9ggIpIEpxJmPz1NvWxXronYCf32VTRrnfLjIxKHg03mx9XFEn4lGa+H8Kpd2Uf4qQr47xOPFW8cuSLt06bSPl22J0wy7Y3ZemJkHweTY4tJnye06a+s6fcUb8UOkz5B5eySj8fnyR0uMfnVtjlJgT2QBUYvdmGpqfPZvvuMuiD0yIR5E4jp/ZUIcVm/3KQQxGZXUbBiK2deFnXSGZKVl+o9dPIrt6muho8IcN2s3H6WznY5GxJyu5QKVj4tqCpwU84EmTnfQZCOv6cQNSeMgwWjxmqT5VCuU2aXHyVgust7Ccg1IyDQh9XTUay1cw2ctWGbF4WeF59S6CRr/TQ7GTxWob275X2O+LZbzcqBBiu+8JkUzcNhd9Z1kYR+pt2NC2Bk7QBhc/209mFAu5rQH5MDuf5qHXFZ0MUGSX4qUyHcsgQUkc=\n\n",
            "startup": "",
            "storage": null,
            "storage_type": null,
            "tablet": true,
            "tags": "",
            "target_node": "pve02",
            "timeouts": null,
            "unused_disk": [],
            "usb": [],
            "vcpus": 0,
            "vga": [
              {
                "memory": 0,
                "type": "std"
              }
            ],
            "vlan": -1,
            "vmid": null
          },
          "sensitive_attributes": [],
          "private": "eyJlMmJmYjczMC1lY2FhLTExZTYtOGY4OC0zNDM2M2JjN2M0YzAiOnsiY3JlYXRlIjoxMjAwMDAwMDAwMDAwLCJkZWZhdWx0IjoxMjAwMDAwMDAwMDAwLCJkZWxldGUiOjEyMDAwMDAwMDAwMDAsInJlYWQiOjEyMDAwMDAwMDAwMDAsInVwZGF0ZSI6MTIwMDAwMDAwMDAwMH19"
        }
      ]
    },
    {
      "module": "module.kube_master[2]",
      "mode": "managed",
      "type": "proxmox_vm_qemu",
      "name": "almalinux_vm",
      "provider": "provider[\"registry.opentofu.org/telmate/proxmox\"]",
      "instances": [
        {
          "schema_version": 0,
          "attributes": {
            "additional_wait": 5,
            "agent": 1,
            "args": "",
            "automatic_reboot": true,
            "balloon": 0,
            "bios": "seabios",
            "boot": "c",
            "bootdisk": "scsi0",
            "bridge": null,
            "ci_wait": null,
            "cicustom": "",
            "cipassword": "",
            "ciuser": "ansible",
            "clone": "almalinux9.3-ci",
            "clone_wait": 10,
            "cloudinit_cdrom_storage": null,
            "cores": 4,
            "cpu": "host",
            "default_ipv4_address": "192.168.7.12",
            "define_connection_info": true,
            "desc": "AlmaLinux-Server",
            "disk": [
              {
                "aio": "",
                "backup": true,
                "cache": "none",
                "discard": "on",
                "file": "vm-101-disk-0",
                "format": "raw",
                "iops": 0,
                "iops_max": 0,
                "iops_max_length": 0,
                "iops_rd": 0,
                "iops_rd_max": 0,
                "iops_rd_max_length": 0,
                "iops_wr": 0,
                "iops_wr_max": 0,
                "iops_wr_max_length": 0,
                "iothread": 0,
                "mbps": 0,
                "mbps_rd": 0,
                "mbps_rd_max": 0,
                "mbps_wr": 0,
                "mbps_wr_max": 0,
                "media": "",
                "replicate": 0,
                "size": "100G",
                "slot": 0,
                "ssd": 1,
                "storage": "vm_disks",
                "storage_type": "rbd",
                "type": "scsi",
                "volume": "vm_disks:vm-101-disk-0"
              }
            ],
            "disk_gb": null,
            "force_create": false,
            "force_recreate_on_change_of": null,
            "full_clone": true,
            "guest_agent_ready_timeout": 100,
            "hagroup": "",
            "hastate": "",
            "hostpci": [],
            "hotplug": "network,disk,usb",
            "id": "pve03/qemu/101",
            "ipconfig0": "ip=192.168.7.12/24,gw=192.168.7.1",
            "ipconfig1": "",
            "ipconfig10": "",
            "ipconfig11": "",
            "ipconfig12": "",
            "ipconfig13": "",
            "ipconfig14": "",
            "ipconfig15": "",
            "ipconfig2": "",
            "ipconfig3": "",
            "ipconfig4": "",
            "ipconfig5": "",
            "ipconfig6": "",
            "ipconfig7": "",
            "ipconfig8": "",
            "ipconfig9": "",
            "iso": null,
            "kvm": true,
            "mac": null,
            "machine": "",
            "memory": 8192,
            "name": "kube-master03v",
            "nameserver": "192.168.178.2",
            "network": [
              {
                "bridge": "vmbr0",
                "firewall": false,
                "link_down": false,
                "macaddr": "46:35:DD:CC:B3:42",
                "model": "virtio",
                "mtu": 0,
                "queues": 0,
                "rate": 0,
                "tag": -1
              }
            ],
            "nic": null,
            "numa": false,
            "onboot": false,
            "oncreate": true,
            "os_network_config": null,
            "os_type": "cloud-init",
            "pool": "",
            "preprovision": true,
            "pxe": null,
            "qemu_os": "l26",
            "reboot_required": false,
            "scsihw": "virtio-scsi-pci",
            "searchdomain": "",
            "serial": [],
            "sockets": 1,
            "ssh_forward_ip": null,
            "ssh_host": "192.168.7.12",
            "ssh_port": "22",
            "ssh_private_key": null,
            "ssh_user": null,
            "sshkeys": "ssh-rsa AAAAB3NzaC1yc2EAAAADAQABAAABgQCNHLe3/XOXcNKShXpHo2r5aeBBs/jr4GoNvdjkfrT1PhywYKZSA1l5Wu9KwvkYl0K80hjaCWXXTpIy7T9ggIpIEpxJmPz1NvWxXronYCf32VTRrnfLjIxKHg03mx9XFEn4lGa+H8Kpd2Uf4qQr47xOPFW8cuSLt06bSPl22J0wy7Y3ZemJkHweTY4tJnye06a+s6fcUb8UOkz5B5eySj8fnyR0uMfnVtjlJgT2QBUYvdmGpqfPZvvuMuiD0yIR5E4jp/ZUIcVm/3KQQxGZXUbBiK2deFnXSGZKVl+o9dPIrt6muho8IcN2s3H6WznY5GxJyu5QKVj4tqCpwU84EmTnfQZCOv6cQNSeMgwWjxmqT5VCuU2aXHyVgust7Ccg1IyDQh9XTUay1cw2ctWGbF4WeF59S6CRr/TQ7GTxWob275X2O+LZbzcqBBiu+8JkUzcNhd9Z1kYR+pt2NC2Bk7QBhc/209mFAu5rQH5MDuf5qHXFZ0MUGSX4qUyHcsgQUkc=\n\n",
            "startup": "",
            "storage": null,
            "storage_type": null,
            "tablet": true,
            "tags": "",
            "target_node": "pve03",
            "timeouts": null,
            "unused_disk": [],
            "usb": [],
            "vcpus": 0,
            "vga": [
              {
                "memory": 0,
                "type": "std"
              }
            ],
            "vlan": -1,
            "vmid": null
          },
          "sensitive_attributes": [],
          "private": "eyJlMmJmYjczMC1lY2FhLTExZTYtOGY4OC0zNDM2M2JjN2M0YzAiOnsiY3JlYXRlIjoxMjAwMDAwMDAwMDAwLCJkZWZhdWx0IjoxMjAwMDAwMDAwMDAwLCJkZWxldGUiOjEyMDAwMDAwMDAwMDAsInJlYWQiOjEyMDAwMDAwMDAwMDAsInVwZGF0ZSI6MTIwMDAwMDAwMDAwMH19"
        }
      ]
    },
    {
      "module": "module.kube_worker[0]",
      "mode": "managed",
      "type": "proxmox_vm_qemu",
      "name": "almalinux_vm",
      "provider": "provider[\"registry.opentofu.org/telmate/proxmox\"]",
      "instances": [
        {
          "schema_version": 0,
          "attributes": {
            "additional_wait": 5,
            "agent": 1,
            "args": "",
            "automatic_reboot": true,
            "balloon": 0,
            "bios": "seabios",
            "boot": "c",
            "bootdisk": "scsi0",
            "bridge": null,
            "ci_wait": null,
            "cicustom": "",
            "cipassword": "",
            "ciuser": "ansible",
            "clone": "almalinux9.3-ci",
            "clone_wait": 10,
            "cloudinit_cdrom_storage": null,
            "cores": 4,
            "cpu": "host",
            "default_ipv4_address": "192.168.7.20",
            "define_connection_info": true,
            "desc": "AlmaLinux-Server",
            "disk": [
              {
                "aio": "",
                "backup": true,
                "cache": "none",
                "discard": "on",
                "file": "vm-106-disk-0",
                "format": "raw",
                "iops": 0,
                "iops_max": 0,
                "iops_max_length": 0,
                "iops_rd": 0,
                "iops_rd_max": 0,
                "iops_rd_max_length": 0,
                "iops_wr": 0,
                "iops_wr_max": 0,
                "iops_wr_max_length": 0,
                "iothread": 0,
                "mbps": 0,
                "mbps_rd": 0,
                "mbps_rd_max": 0,
                "mbps_wr": 0,
                "mbps_wr_max": 0,
                "media": "",
                "replicate": 0,
                "size": "100G",
                "slot": 0,
                "ssd": 1,
                "storage": "vm_disks",
                "storage_type": "rbd",
                "type": "scsi",
                "volume": "vm_disks:vm-106-disk-0"
              }
            ],
            "disk_gb": null,
            "force_create": false,
            "force_recreate_on_change_of": null,
            "full_clone": true,
            "guest_agent_ready_timeout": 100,
            "hagroup": "",
            "hastate": "",
            "hostpci": [],
            "hotplug": "network,disk,usb",
            "id": "pve01/qemu/106",
            "ipconfig0": "ip=192.168.7.20/24,gw=192.168.7.1",
            "ipconfig1": "",
            "ipconfig10": "",
            "ipconfig11": "",
            "ipconfig12": "",
            "ipconfig13": "",
            "ipconfig14": "",
            "ipconfig15": "",
            "ipconfig2": "",
            "ipconfig3": "",
            "ipconfig4": "",
            "ipconfig5": "",
            "ipconfig6": "",
            "ipconfig7": "",
            "ipconfig8": "",
            "ipconfig9": "",
            "iso": null,
            "kvm": true,
            "mac": null,
            "machine": "",
            "memory": 8192,
            "name": "kube-worker01v",
            "nameserver": "192.168.178.2",
            "network": [
              {
                "bridge": "vmbr0",
                "firewall": false,
                "link_down": false,
                "macaddr": "82:BB:74:E5:E4:AC",
                "model": "virtio",
                "mtu": 0,
                "queues": 0,
                "rate": 0,
                "tag": -1
              }
            ],
            "nic": null,
            "numa": false,
            "onboot": false,
            "oncreate": true,
            "os_network_config": null,
            "os_type": "cloud-init",
            "pool": "",
            "preprovision": true,
            "pxe": null,
            "qemu_os": "l26",
            "reboot_required": false,
            "scsihw": "virtio-scsi-pci",
            "searchdomain": "",
            "serial": [],
            "sockets": 1,
            "ssh_forward_ip": null,
            "ssh_host": "192.168.7.20",
            "ssh_port": "22",
            "ssh_private_key": null,
            "ssh_user": null,
            "sshkeys": "ssh-rsa AAAAB3NzaC1yc2EAAAADAQABAAABgQCNHLe3/XOXcNKShXpHo2r5aeBBs/jr4GoNvdjkfrT1PhywYKZSA1l5Wu9KwvkYl0K80hjaCWXXTpIy7T9ggIpIEpxJmPz1NvWxXronYCf32VTRrnfLjIxKHg03mx9XFEn4lGa+H8Kpd2Uf4qQr47xOPFW8cuSLt06bSPl22J0wy7Y3ZemJkHweTY4tJnye06a+s6fcUb8UOkz5B5eySj8fnyR0uMfnVtjlJgT2QBUYvdmGpqfPZvvuMuiD0yIR5E4jp/ZUIcVm/3KQQxGZXUbBiK2deFnXSGZKVl+o9dPIrt6muho8IcN2s3H6WznY5GxJyu5QKVj4tqCpwU84EmTnfQZCOv6cQNSeMgwWjxmqT5VCuU2aXHyVgust7Ccg1IyDQh9XTUay1cw2ctWGbF4WeF59S6CRr/TQ7GTxWob275X2O+LZbzcqBBiu+8JkUzcNhd9Z1kYR+pt2NC2Bk7QBhc/209mFAu5rQH5MDuf5qHXFZ0MUGSX4qUyHcsgQUkc=\n\n",
            "startup": "",
            "storage": null,
            "storage_type": null,
            "tablet": true,
            "tags": "",
            "target_node": "pve01",
            "timeouts": null,
            "unused_disk": [],
            "usb": [],
            "vcpus": 0,
            "vga": [
              {
                "memory": 0,
                "type": "std"
              }
            ],
            "vlan": -1,
            "vmid": null
          },
          "sensitive_attributes": [],
          "private": "eyJlMmJmYjczMC1lY2FhLTExZTYtOGY4OC0zNDM2M2JjN2M0YzAiOnsiY3JlYXRlIjoxMjAwMDAwMDAwMDAwLCJkZWZhdWx0IjoxMjAwMDAwMDAwMDAwLCJkZWxldGUiOjEyMDAwMDAwMDAwMDAsInJlYWQiOjEyMDAwMDAwMDAwMDAsInVwZGF0ZSI6MTIwMDAwMDAwMDAwMH19"
        }
      ]
    },
    {
      "module": "module.kube_worker[1]",
      "mode": "managed",
      "type": "proxmox_vm_qemu",
      "name": "almalinux_vm",
      "provider": "provider[\"registry.opentofu.org/telmate/proxmox\"]",
      "instances": [
        {
          "schema_version": 0,
          "attributes": {
            "additional_wait": 5,
            "agent": 1,
            "args": "",
            "automatic_reboot": true,
            "balloon": 0,
            "bios": "seabios",
            "boot": "c",
            "bootdisk": "scsi0",
            "bridge": null,
            "ci_wait": null,
            "cicustom": "",
            "cipassword": "",
            "ciuser": "ansible",
            "clone": "almalinux9.3-ci",
            "clone_wait": 10,
            "cloudinit_cdrom_storage": null,
            "cores": 4,
            "cpu": "host",
            "default_ipv4_address": "192.168.7.21",
            "define_connection_info": true,
            "desc": "AlmaLinux-Server",
            "disk": [
              {
                "aio": "",
                "backup": true,
                "cache": "none",
                "discard": "on",
                "file": "vm-102-disk-0",
                "format": "raw",
                "iops": 0,
                "iops_max": 0,
                "iops_max_length": 0,
                "iops_rd": 0,
                "iops_rd_max": 0,
                "iops_rd_max_length": 0,
                "iops_wr": 0,
                "iops_wr_max": 0,
                "iops_wr_max_length": 0,
                "iothread": 0,
                "mbps": 0,
                "mbps_rd": 0,
                "mbps_rd_max": 0,
                "mbps_wr": 0,
                "mbps_wr_max": 0,
                "media": "",
                "replicate": 0,
                "size": "100G",
                "slot": 0,
                "ssd": 1,
                "storage": "vm_disks",
                "storage_type": "rbd",
                "type": "scsi",
                "volume": "vm_disks:vm-102-disk-0"
              }
            ],
            "disk_gb": null,
            "force_create": false,
            "force_recreate_on_change_of": null,
            "full_clone": true,
            "guest_agent_ready_timeout": 100,
            "hagroup": "",
            "hastate": "",
            "hostpci": [],
            "hotplug": "network,disk,usb",
            "id": "pve02/qemu/102",
            "ipconfig0": "ip=192.168.7.21/24,gw=192.168.7.1",
            "ipconfig1": "",
            "ipconfig10": "",
            "ipconfig11": "",
            "ipconfig12": "",
            "ipconfig13": "",
            "ipconfig14": "",
            "ipconfig15": "",
            "ipconfig2": "",
            "ipconfig3": "",
            "ipconfig4": "",
            "ipconfig5": "",
            "ipconfig6": "",
            "ipconfig7": "",
            "ipconfig8": "",
            "ipconfig9": "",
            "iso": null,
            "kvm": true,
            "mac": null,
            "machine": "",
            "memory": 8192,
            "name": "kube-worker02v",
            "nameserver": "192.168.178.2",
            "network": [
              {
                "bridge": "vmbr0",
                "firewall": false,
                "link_down": false,
                "macaddr": "A2:BE:C3:0F:36:94",
                "model": "virtio",
                "mtu": 0,
                "queues": 0,
                "rate": 0,
                "tag": -1
              }
            ],
            "nic": null,
            "numa": false,
            "onboot": false,
            "oncreate": true,
            "os_network_config": null,
            "os_type": "cloud-init",
            "pool": "",
            "preprovision": true,
            "pxe": null,
            "qemu_os": "l26",
            "reboot_required": false,
            "scsihw": "virtio-scsi-pci",
            "searchdomain": "",
            "serial": [],
            "sockets": 1,
            "ssh_forward_ip": null,
            "ssh_host": "192.168.7.21",
            "ssh_port": "22",
            "ssh_private_key": null,
            "ssh_user": null,
            "sshkeys": "ssh-rsa AAAAB3NzaC1yc2EAAAADAQABAAABgQCNHLe3/XOXcNKShXpHo2r5aeBBs/jr4GoNvdjkfrT1PhywYKZSA1l5Wu9KwvkYl0K80hjaCWXXTpIy7T9ggIpIEpxJmPz1NvWxXronYCf32VTRrnfLjIxKHg03mx9XFEn4lGa+H8Kpd2Uf4qQr47xOPFW8cuSLt06bSPl22J0wy7Y3ZemJkHweTY4tJnye06a+s6fcUb8UOkz5B5eySj8fnyR0uMfnVtjlJgT2QBUYvdmGpqfPZvvuMuiD0yIR5E4jp/ZUIcVm/3KQQxGZXUbBiK2deFnXSGZKVl+o9dPIrt6muho8IcN2s3H6WznY5GxJyu5QKVj4tqCpwU84EmTnfQZCOv6cQNSeMgwWjxmqT5VCuU2aXHyVgust7Ccg1IyDQh9XTUay1cw2ctWGbF4WeF59S6CRr/TQ7GTxWob275X2O+LZbzcqBBiu+8JkUzcNhd9Z1kYR+pt2NC2Bk7QBhc/209mFAu5rQH5MDuf5qHXFZ0MUGSX4qUyHcsgQUkc=\n\n",
            "startup": "",
            "storage": null,
            "storage_type": null,
            "tablet": true,
            "tags": "",
            "target_node": "pve02",
            "timeouts": null,
            "unused_disk": [],
            "usb": [],
            "vcpus": 0,
            "vga": [
              {
                "memory": 0,
                "type": "std"
              }
            ],
            "vlan": -1,
            "vmid": null
          },
          "sensitive_attributes": [],
          "private": "eyJlMmJmYjczMC1lY2FhLTExZTYtOGY4OC0zNDM2M2JjN2M0YzAiOnsiY3JlYXRlIjoxMjAwMDAwMDAwMDAwLCJkZWZhdWx0IjoxMjAwMDAwMDAwMDAwLCJkZWxldGUiOjEyMDAwMDAwMDAwMDAsInJlYWQiOjEyMDAwMDAwMDAwMDAsInVwZGF0ZSI6MTIwMDAwMDAwMDAwMH19"
        }
      ]
    },
    {
      "module": "module.kube_worker[2]",
      "mode": "managed",
      "type": "proxmox_vm_qemu",
      "name": "almalinux_vm",
      "provider": "provider[\"registry.opentofu.org/telmate/proxmox\"]",
      "instances": [
        {
          "schema_version": 0,
          "attributes": {
            "additional_wait": 5,
            "agent": 1,
            "args": "",
            "automatic_reboot": true,
            "balloon": 0,
            "bios": "seabios",
            "boot": "c",
            "bootdisk": "scsi0",
            "bridge": null,
            "ci_wait": null,
            "cicustom": "",
            "cipassword": "",
            "ciuser": "ansible",
            "clone": "almalinux9.3-ci",
            "clone_wait": 10,
            "cloudinit_cdrom_storage": null,
            "cores": 4,
            "cpu": "host",
            "default_ipv4_address": "192.168.7.22",
            "define_connection_info": true,
            "desc": "AlmaLinux-Server",
            "disk": [
              {
                "aio": "",
                "backup": true,
                "cache": "none",
                "discard": "on",
                "file": "vm-100-disk-0",
                "format": "raw",
                "iops": 0,
                "iops_max": 0,
                "iops_max_length": 0,
                "iops_rd": 0,
                "iops_rd_max": 0,
                "iops_rd_max_length": 0,
                "iops_wr": 0,
                "iops_wr_max": 0,
                "iops_wr_max_length": 0,
                "iothread": 0,
                "mbps": 0,
                "mbps_rd": 0,
                "mbps_rd_max": 0,
                "mbps_wr": 0,
                "mbps_wr_max": 0,
                "media": "",
                "replicate": 0,
                "size": "100G",
                "slot": 0,
                "ssd": 1,
                "storage": "vm_disks",
                "storage_type": "rbd",
                "type": "scsi",
                "volume": "vm_disks:vm-100-disk-0"
              }
            ],
            "disk_gb": null,
            "force_create": false,
            "force_recreate_on_change_of": null,
            "full_clone": true,
            "guest_agent_ready_timeout": 100,
            "hagroup": "",
            "hastate": "",
            "hostpci": [],
            "hotplug": "network,disk,usb",
            "id": "pve03/qemu/100",
            "ipconfig0": "ip=192.168.7.22/24,gw=192.168.7.1",
            "ipconfig1": "",
            "ipconfig10": "",
            "ipconfig11": "",
            "ipconfig12": "",
            "ipconfig13": "",
            "ipconfig14": "",
            "ipconfig15": "",
            "ipconfig2": "",
            "ipconfig3": "",
            "ipconfig4": "",
            "ipconfig5": "",
            "ipconfig6": "",
            "ipconfig7": "",
            "ipconfig8": "",
            "ipconfig9": "",
            "iso": null,
            "kvm": true,
            "mac": null,
            "machine": "",
            "memory": 8192,
            "name": "kube-worker03v",
            "nameserver": "192.168.178.2",
            "network": [
              {
                "bridge": "vmbr0",
                "firewall": false,
                "link_down": false,
                "macaddr": "DE:BF:D0:E6:0F:54",
                "model": "virtio",
                "mtu": 0,
                "queues": 0,
                "rate": 0,
                "tag": -1
              }
            ],
            "nic": null,
            "numa": false,
            "onboot": false,
            "oncreate": true,
            "os_network_config": null,
            "os_type": "cloud-init",
            "pool": "",
            "preprovision": true,
            "pxe": null,
            "qemu_os": "l26",
            "reboot_required": false,
            "scsihw": "virtio-scsi-pci",
            "searchdomain": "",
            "serial": [],
            "sockets": 1,
            "ssh_forward_ip": null,
            "ssh_host": "192.168.7.22",
            "ssh_port": "22",
            "ssh_private_key": null,
            "ssh_user": null,
            "sshkeys": "ssh-rsa AAAAB3NzaC1yc2EAAAADAQABAAABgQCNHLe3/XOXcNKShXpHo2r5aeBBs/jr4GoNvdjkfrT1PhywYKZSA1l5Wu9KwvkYl0K80hjaCWXXTpIy7T9ggIpIEpxJmPz1NvWxXronYCf32VTRrnfLjIxKHg03mx9XFEn4lGa+H8Kpd2Uf4qQr47xOPFW8cuSLt06bSPl22J0wy7Y3ZemJkHweTY4tJnye06a+s6fcUb8UOkz5B5eySj8fnyR0uMfnVtjlJgT2QBUYvdmGpqfPZvvuMuiD0yIR5E4jp/ZUIcVm/3KQQxGZXUbBiK2deFnXSGZKVl+o9dPIrt6muho8IcN2s3H6WznY5GxJyu5QKVj4tqCpwU84EmTnfQZCOv6cQNSeMgwWjxmqT5VCuU2aXHyVgust7Ccg1IyDQh9XTUay1cw2ctWGbF4WeF59S6CRr/TQ7GTxWob275X2O+LZbzcqBBiu+8JkUzcNhd9Z1kYR+pt2NC2Bk7QBhc/209mFAu5rQH5MDuf5qHXFZ0MUGSX4qUyHcsgQUkc=\n\n",
            "startup": "",
            "storage": null,
            "storage_type": null,
            "tablet": true,
            "tags": "",
            "target_node": "pve03",
            "timeouts": null,
            "unused_disk": [],
            "usb": [],
            "vcpus": 0,
            "vga": [
              {
                "memory": 0,
                "type": "std"
              }
            ],
            "vlan": -1,
            "vmid": null
          },
          "sensitive_attributes": [],
          "private": "eyJlMmJmYjczMC1lY2FhLTExZTYtOGY4OC0zNDM2M2JjN2M0YzAiOnsiY3JlYXRlIjoxMjAwMDAwMDAwMDAwLCJkZWZhdWx0IjoxMjAwMDAwMDAwMDAwLCJkZWxldGUiOjEyMDAwMDAwMDAwMDAsInJlYWQiOjEyMDAwMDAwMDAwMDAsInVwZGF0ZSI6MTIwMDAwMDAwMDAwMH19"
        }
      ]
    },
    {
      "module": "module.kube_worker[3]",
      "mode": "managed",
      "type": "proxmox_vm_qemu",
      "name": "almalinux_vm",
      "provider": "provider[\"registry.opentofu.org/telmate/proxmox\"]",
      "instances": [
        {
          "schema_version": 0,
          "attributes": {
            "additional_wait": 5,
            "agent": 1,
            "args": "",
            "automatic_reboot": true,
            "balloon": 0,
            "bios": "seabios",
            "boot": "c",
            "bootdisk": "scsi0",
            "bridge": null,
            "ci_wait": null,
            "cicustom": "",
            "cipassword": "",
            "ciuser": "ansible",
            "clone": "almalinux9.3-ci",
            "clone_wait": 10,
            "cloudinit_cdrom_storage": null,
            "cores": 4,
            "cpu": "host",
            "default_ipv4_address": "192.168.7.23",
            "define_connection_info": true,
            "desc": "AlmaLinux-Server",
            "disk": [
              {
                "aio": "",
                "backup": true,
                "cache": "none",
                "discard": "on",
                "file": "vm-104-disk-0",
                "format": "raw",
                "iops": 0,
                "iops_max": 0,
                "iops_max_length": 0,
                "iops_rd": 0,
                "iops_rd_max": 0,
                "iops_rd_max_length": 0,
                "iops_wr": 0,
                "iops_wr_max": 0,
                "iops_wr_max_length": 0,
                "iothread": 0,
                "mbps": 0,
                "mbps_rd": 0,
                "mbps_rd_max": 0,
                "mbps_wr": 0,
                "mbps_wr_max": 0,
                "media": "",
                "replicate": 0,
                "size": "100G",
                "slot": 0,
                "ssd": 1,
                "storage": "vm_disks",
                "storage_type": "rbd",
                "type": "scsi",
                "volume": "vm_disks:vm-104-disk-0"
              }
            ],
            "disk_gb": null,
            "force_create": false,
            "force_recreate_on_change_of": null,
            "full_clone": true,
            "guest_agent_ready_timeout": 100,
            "hagroup": "",
            "hastate": "",
            "hostpci": [],
            "hotplug": "network,disk,usb",
            "id": "pve01/qemu/104",
            "ipconfig0": "ip=192.168.7.23/24,gw=192.168.7.1",
            "ipconfig1": "",
            "ipconfig10": "",
            "ipconfig11": "",
            "ipconfig12": "",
            "ipconfig13": "",
            "ipconfig14": "",
            "ipconfig15": "",
            "ipconfig2": "",
            "ipconfig3": "",
            "ipconfig4": "",
            "ipconfig5": "",
            "ipconfig6": "",
            "ipconfig7": "",
            "ipconfig8": "",
            "ipconfig9": "",
            "iso": null,
            "kvm": true,
            "mac": null,
            "machine": "",
            "memory": 8192,
            "name": "kube-worker04v",
            "nameserver": "192.168.178.2",
            "network": [
              {
                "bridge": "vmbr0",
                "firewall": false,
                "link_down": false,
                "macaddr": "CA:A5:F2:86:29:75",
                "model": "virtio",
                "mtu": 0,
                "queues": 0,
                "rate": 0,
                "tag": -1
              }
            ],
            "nic": null,
            "numa": false,
            "onboot": false,
            "oncreate": true,
            "os_network_config": null,
            "os_type": "cloud-init",
            "pool": "",
            "preprovision": true,
            "pxe": null,
            "qemu_os": "l26",
            "reboot_required": false,
            "scsihw": "virtio-scsi-pci",
            "searchdomain": "",
            "serial": [],
            "sockets": 1,
            "ssh_forward_ip": null,
            "ssh_host": "192.168.7.23",
            "ssh_port": "22",
            "ssh_private_key": null,
            "ssh_user": null,
            "sshkeys": "ssh-rsa AAAAB3NzaC1yc2EAAAADAQABAAABgQCNHLe3/XOXcNKShXpHo2r5aeBBs/jr4GoNvdjkfrT1PhywYKZSA1l5Wu9KwvkYl0K80hjaCWXXTpIy7T9ggIpIEpxJmPz1NvWxXronYCf32VTRrnfLjIxKHg03mx9XFEn4lGa+H8Kpd2Uf4qQr47xOPFW8cuSLt06bSPl22J0wy7Y3ZemJkHweTY4tJnye06a+s6fcUb8UOkz5B5eySj8fnyR0uMfnVtjlJgT2QBUYvdmGpqfPZvvuMuiD0yIR5E4jp/ZUIcVm/3KQQxGZXUbBiK2deFnXSGZKVl+o9dPIrt6muho8IcN2s3H6WznY5GxJyu5QKVj4tqCpwU84EmTnfQZCOv6cQNSeMgwWjxmqT5VCuU2aXHyVgust7Ccg1IyDQh9XTUay1cw2ctWGbF4WeF59S6CRr/TQ7GTxWob275X2O+LZbzcqBBiu+8JkUzcNhd9Z1kYR+pt2NC2Bk7QBhc/209mFAu5rQH5MDuf5qHXFZ0MUGSX4qUyHcsgQUkc=\n\n",
            "startup": "",
            "storage": null,
            "storage_type": null,
            "tablet": true,
            "tags": "",
            "target_node": "pve01",
            "timeouts": null,
            "unused_disk": [],
            "usb": [],
            "vcpus": 0,
            "vga": [
              {
                "memory": 0,
                "type": "std"
              }
            ],
            "vlan": -1,
            "vmid": null
          },
          "sensitive_attributes": [],
          "private": "eyJlMmJmYjczMC1lY2FhLTExZTYtOGY4OC0zNDM2M2JjN2M0YzAiOnsiY3JlYXRlIjoxMjAwMDAwMDAwMDAwLCJkZWZhdWx0IjoxMjAwMDAwMDAwMDAwLCJkZWxldGUiOjEyMDAwMDAwMDAwMDAsInJlYWQiOjEyMDAwMDAwMDAwMDAsInVwZGF0ZSI6MTIwMDAwMDAwMDAwMH19"
        }
      ]
    },
    {
      "module": "module.kube_worker[4]",
      "mode": "managed",
      "type": "proxmox_vm_qemu",
      "name": "almalinux_vm",
      "provider": "provider[\"registry.opentofu.org/telmate/proxmox\"]",
      "instances": [
        {
          "schema_version": 0,
          "attributes": {
            "additional_wait": 5,
            "agent": 1,
            "args": "",
            "automatic_reboot": true,
            "balloon": 0,
            "bios": "seabios",
            "boot": "c",
            "bootdisk": "scsi0",
            "bridge": null,
            "ci_wait": null,
            "cicustom": "",
            "cipassword": "",
            "ciuser": "ansible",
            "clone": "almalinux9.3-ci",
            "clone_wait": 10,
            "cloudinit_cdrom_storage": null,
            "cores": 4,
            "cpu": "host",
            "default_ipv4_address": "192.168.7.24",
            "define_connection_info": true,
            "desc": "AlmaLinux-Server",
            "disk": [
              {
                "aio": "",
                "backup": true,
                "cache": "none",
                "discard": "on",
                "file": "vm-103-disk-0",
                "format": "raw",
                "iops": 0,
                "iops_max": 0,
                "iops_max_length": 0,
                "iops_rd": 0,
                "iops_rd_max": 0,
                "iops_rd_max_length": 0,
                "iops_wr": 0,
                "iops_wr_max": 0,
                "iops_wr_max_length": 0,
                "iothread": 0,
                "mbps": 0,
                "mbps_rd": 0,
                "mbps_rd_max": 0,
                "mbps_wr": 0,
                "mbps_wr_max": 0,
                "media": "",
                "replicate": 0,
                "size": "100G",
                "slot": 0,
                "ssd": 1,
                "storage": "vm_disks",
                "storage_type": "rbd",
                "type": "scsi",
                "volume": "vm_disks:vm-103-disk-0"
              }
            ],
            "disk_gb": null,
            "force_create": false,
            "force_recreate_on_change_of": null,
            "full_clone": true,
            "guest_agent_ready_timeout": 100,
            "hagroup": "",
            "hastate": "",
            "hostpci": [],
            "hotplug": "network,disk,usb",
            "id": "pve02/qemu/103",
            "ipconfig0": "ip=192.168.7.24/24,gw=192.168.7.1",
            "ipconfig1": "",
            "ipconfig10": "",
            "ipconfig11": "",
            "ipconfig12": "",
            "ipconfig13": "",
            "ipconfig14": "",
            "ipconfig15": "",
            "ipconfig2": "",
            "ipconfig3": "",
            "ipconfig4": "",
            "ipconfig5": "",
            "ipconfig6": "",
            "ipconfig7": "",
            "ipconfig8": "",
            "ipconfig9": "",
            "iso": null,
            "kvm": true,
            "mac": null,
            "machine": "",
            "memory": 8192,
            "name": "kube-worker05v",
            "nameserver": "192.168.178.2",
            "network": [
              {
                "bridge": "vmbr0",
                "firewall": false,
                "link_down": false,
                "macaddr": "5A:74:81:4A:4C:6D",
                "model": "virtio",
                "mtu": 0,
                "queues": 0,
                "rate": 0,
                "tag": -1
              }
            ],
            "nic": null,
            "numa": false,
            "onboot": false,
            "oncreate": true,
            "os_network_config": null,
            "os_type": "cloud-init",
            "pool": "",
            "preprovision": true,
            "pxe": null,
            "qemu_os": "l26",
            "reboot_required": false,
            "scsihw": "virtio-scsi-pci",
            "searchdomain": "",
            "serial": [],
            "sockets": 1,
            "ssh_forward_ip": null,
            "ssh_host": "192.168.7.24",
            "ssh_port": "22",
            "ssh_private_key": null,
            "ssh_user": null,
            "sshkeys": "ssh-rsa AAAAB3NzaC1yc2EAAAADAQABAAABgQCNHLe3/XOXcNKShXpHo2r5aeBBs/jr4GoNvdjkfrT1PhywYKZSA1l5Wu9KwvkYl0K80hjaCWXXTpIy7T9ggIpIEpxJmPz1NvWxXronYCf32VTRrnfLjIxKHg03mx9XFEn4lGa+H8Kpd2Uf4qQr47xOPFW8cuSLt06bSPl22J0wy7Y3ZemJkHweTY4tJnye06a+s6fcUb8UOkz5B5eySj8fnyR0uMfnVtjlJgT2QBUYvdmGpqfPZvvuMuiD0yIR5E4jp/ZUIcVm/3KQQxGZXUbBiK2deFnXSGZKVl+o9dPIrt6muho8IcN2s3H6WznY5GxJyu5QKVj4tqCpwU84EmTnfQZCOv6cQNSeMgwWjxmqT5VCuU2aXHyVgust7Ccg1IyDQh9XTUay1cw2ctWGbF4WeF59S6CRr/TQ7GTxWob275X2O+LZbzcqBBiu+8JkUzcNhd9Z1kYR+pt2NC2Bk7QBhc/209mFAu5rQH5MDuf5qHXFZ0MUGSX4qUyHcsgQUkc=\n\n",
            "startup": "",
            "storage": null,
            "storage_type": null,
            "tablet": true,
            "tags": "",
            "target_node": "pve02",
            "timeouts": null,
            "unused_disk": [],
            "usb": [],
            "vcpus": 0,
            "vga": [
              {
                "memory": 0,
                "type": "std"
              }
            ],
            "vlan": -1,
            "vmid": null
          },
          "sensitive_attributes": [],
          "private": "eyJlMmJmYjczMC1lY2FhLTExZTYtOGY4OC0zNDM2M2JjN2M0YzAiOnsiY3JlYXRlIjoxMjAwMDAwMDAwMDAwLCJkZWZhdWx0IjoxMjAwMDAwMDAwMDAwLCJkZWxldGUiOjEyMDAwMDAwMDAwMDAsInJlYWQiOjEyMDAwMDAwMDAwMDAsInVwZGF0ZSI6MTIwMDAwMDAwMDAwMH19"
        }
      ]
    },
    {
      "module": "module.kube_worker[5]",
      "mode": "managed",
      "type": "proxmox_vm_qemu",
      "name": "almalinux_vm",
      "provider": "provider[\"registry.opentofu.org/telmate/proxmox\"]",
      "instances": [
        {
          "schema_version": 0,
          "attributes": {
            "additional_wait": 5,
            "agent": 1,
            "args": "",
            "automatic_reboot": true,
            "balloon": 0,
            "bios": "seabios",
            "boot": "c",
            "bootdisk": "scsi0",
            "bridge": null,
            "ci_wait": null,
            "cicustom": "",
            "cipassword": "",
            "ciuser": "ansible",
            "clone": "almalinux9.3-ci",
            "clone_wait": 10,
            "cloudinit_cdrom_storage": null,
            "cores": 4,
            "cpu": "host",
            "default_ipv4_address": "192.168.7.25",
            "define_connection_info": true,
            "desc": "AlmaLinux-Server",
            "disk": [
              {
                "aio": "",
                "backup": true,
                "cache": "none",
                "discard": "on",
                "file": "vm-107-disk-0",
                "format": "raw",
                "iops": 0,
                "iops_max": 0,
                "iops_max_length": 0,
                "iops_rd": 0,
                "iops_rd_max": 0,
                "iops_rd_max_length": 0,
                "iops_wr": 0,
                "iops_wr_max": 0,
                "iops_wr_max_length": 0,
                "iothread": 0,
                "mbps": 0,
                "mbps_rd": 0,
                "mbps_rd_max": 0,
                "mbps_wr": 0,
                "mbps_wr_max": 0,
                "media": "",
                "replicate": 0,
                "size": "100G",
                "slot": 0,
                "ssd": 1,
                "storage": "vm_disks",
                "storage_type": "rbd",
                "type": "scsi",
                "volume": "vm_disks:vm-107-disk-0"
              }
            ],
            "disk_gb": null,
            "force_create": false,
            "force_recreate_on_change_of": null,
            "full_clone": true,
            "guest_agent_ready_timeout": 100,
            "hagroup": "",
            "hastate": "",
            "hostpci": [],
            "hotplug": "network,disk,usb",
            "id": "pve03/qemu/107",
            "ipconfig0": "ip=192.168.7.25/24,gw=192.168.7.1",
            "ipconfig1": "",
            "ipconfig10": "",
            "ipconfig11": "",
            "ipconfig12": "",
            "ipconfig13": "",
            "ipconfig14": "",
            "ipconfig15": "",
            "ipconfig2": "",
            "ipconfig3": "",
            "ipconfig4": "",
            "ipconfig5": "",
            "ipconfig6": "",
            "ipconfig7": "",
            "ipconfig8": "",
            "ipconfig9": "",
            "iso": null,
            "kvm": true,
            "mac": null,
            "machine": "",
            "memory": 8192,
            "name": "kube-worker06v",
            "nameserver": "192.168.178.2",
            "network": [
              {
                "bridge": "vmbr0",
                "firewall": false,
                "link_down": false,
                "macaddr": "AE:61:25:F2:89:78",
                "model": "virtio",
                "mtu": 0,
                "queues": 0,
                "rate": 0,
                "tag": -1
              }
            ],
            "nic": null,
            "numa": false,
            "onboot": false,
            "oncreate": true,
            "os_network_config": null,
            "os_type": "cloud-init",
            "pool": "",
            "preprovision": true,
            "pxe": null,
            "qemu_os": "l26",
            "reboot_required": false,
            "scsihw": "virtio-scsi-pci",
            "searchdomain": "",
            "serial": [],
            "sockets": 1,
            "ssh_forward_ip": null,
            "ssh_host": "192.168.7.25",
            "ssh_port": "22",
            "ssh_private_key": null,
            "ssh_user": null,
            "sshkeys": "ssh-rsa AAAAB3NzaC1yc2EAAAADAQABAAABgQCNHLe3/XOXcNKShXpHo2r5aeBBs/jr4GoNvdjkfrT1PhywYKZSA1l5Wu9KwvkYl0K80hjaCWXXTpIy7T9ggIpIEpxJmPz1NvWxXronYCf32VTRrnfLjIxKHg03mx9XFEn4lGa+H8Kpd2Uf4qQr47xOPFW8cuSLt06bSPl22J0wy7Y3ZemJkHweTY4tJnye06a+s6fcUb8UOkz5B5eySj8fnyR0uMfnVtjlJgT2QBUYvdmGpqfPZvvuMuiD0yIR5E4jp/ZUIcVm/3KQQxGZXUbBiK2deFnXSGZKVl+o9dPIrt6muho8IcN2s3H6WznY5GxJyu5QKVj4tqCpwU84EmTnfQZCOv6cQNSeMgwWjxmqT5VCuU2aXHyVgust7Ccg1IyDQh9XTUay1cw2ctWGbF4WeF59S6CRr/TQ7GTxWob275X2O+LZbzcqBBiu+8JkUzcNhd9Z1kYR+pt2NC2Bk7QBhc/209mFAu5rQH5MDuf5qHXFZ0MUGSX4qUyHcsgQUkc=\n\n",
            "startup": "",
            "storage": null,
            "storage_type": null,
            "tablet": true,
            "tags": "",
            "target_node": "pve03",
            "timeouts": null,
            "unused_disk": [],
            "usb": [],
            "vcpus": 0,
            "vga": [
              {
                "memory": 0,
                "type": "std"
              }
            ],
            "vlan": -1,
            "vmid": null
          },
          "sensitive_attributes": [],
          "private": "eyJlMmJmYjczMC1lY2FhLTExZTYtOGY4OC0zNDM2M2JjN2M0YzAiOnsiY3JlYXRlIjoxMjAwMDAwMDAwMDAwLCJkZWZhdWx0IjoxMjAwMDAwMDAwMDAwLCJkZWxldGUiOjEyMDAwMDAwMDAwMDAsInJlYWQiOjEyMDAwMDAwMDAwMDAsInVwZGF0ZSI6MTIwMDAwMDAwMDAwMH19"
        }
      ]
    }
  ],
  "check_results": null
}
